
Microsoft Visual Studio Solution File, Format Version 12.00
# Visual Studio 15
VisualStudioVersion = 15.0.27130.2020
MinimumVisualStudioVersion = 10.0.40219.1
Project("{FAE04EC0-301F-11D3-BF4B-00C04F79EFBC}") = "Server", "Server\Server.csproj", "{B458552A-5884-4B27-BA6B-826BC5590106}"
EndProject
Project("{FAE04EC0-301F-11D3-BF4B-00C04F79EFBC}") = "Client", "Client\Client.csproj", "{2236D5D4-7816-4630-8C86-0F0BDD46D7D8}"
EndProject
Project("{FAE04EC0-301F-11D3-BF4B-00C04F79EFBC}") = "Common", "Common\Common.csproj", "{23EB87D4-E310-48C4-A931-0961C83892D7}"
EndProject
Global
	GlobalSection(SolutionConfigurationPlatforms) = preSolution
		Debug|Any CPU = Debug|Any CPU
		Release|Any CPU = Release|Any CPU
	EndGlobalSection
	GlobalSection(ProjectConfigurationPlatforms) = postSolution
		{B458552A-5884-4B27-BA6B-826BC5590106}.Debug|Any CPU.ActiveCfg = Debug|Any CPU
		{B458552A-5884-4B27-BA6B-826BC5590106}.Debug|Any CPU.Build.0 = Debug|Any CPU
		{B458552A-5884-4B27-BA6B-826BC5590106}.Release|Any CPU.ActiveCfg = Release|Any CPU
		{B458552A-5884-4B27-BA6B-826BC5590106}.Release|Any CPU.Build.0 = Release|Any CPU
		{2236D5D4-7816-4630-8C86-0F0BDD46D7D8}.Debug|Any CPU.ActiveCfg = Debug|Any CPU
		{2236D5D4-7816-4630-8C86-0F0BDD46D7D8}.Debug|Any CPU.Build.0 = Debug|Any CPU
		{2236D5D4-7816-4630-8C86-0F0BDD46D7D8}.Release|Any CPU.ActiveCfg = Release|Any CPU
		{2236D5D4-7816-4630-8C86-0F0BDD46D7D8}.Release|Any CPU.Build.0 = Release|Any CPU
		{23EB87D4-E310-48C4-A931-0961C83892D7}.Debug|Any CPU.ActiveCfg = Debug|Any CPU
		{23EB87D4-E310-48C4-A931-0961C83892D7}.Debug|Any CPU.Build.0 = Debug|Any CPU
		{23EB87D4-E310-48C4-A931-0961C83892D7}.Release|Any CPU.ActiveCfg = Release|Any CPU
		{23EB87D4-E310-48C4-A931-0961C83892D7}.Release|Any CPU.Build.0 = Release|Any CPU
	EndGlobalSection
	GlobalSection(SolutionProperties) = preSolution
		HideSolutionNode = FALSE
	EndGlobalSection
	GlobalSection(ExtensibilityGlobals) = postSolution
		SolutionGuid = {E0FD1BD7-4DD9-46C6-A710-6E5371F96DE7}
	EndGlobalSection
EndGlobal
